# This file is automatically @generated by Cargo.
# It is not intended for manual editing.
version = 3

[[package]]
name = "adler"
version = "1.0.2"
source = "registry+https://github.com/rust-lang/crates.io-index"
checksum = "f26201604c87b1e01bd3d98f8d5d9a8fcbb815e8cedb41ffccbeb4bf593a35fe"

[[package]]
name = "aes"
version = "0.7.5"
source = "registry+https://github.com/rust-lang/crates.io-index"
checksum = "9e8b47f52ea9bae42228d07ec09eb676433d7c4ed1ebdf0f1d1c29ed446f1ab8"
dependencies = [
 "cfg-if",
 "cipher",
 "cpufeatures",
 "ctr",
 "opaque-debug",
]

[[package]]
name = "aho-corasick"
version = "0.7.18"
source = "registry+https://github.com/rust-lang/crates.io-index"
checksum = "1e37cfd5e7657ada45f742d6e99ca5788580b5c529dc78faf11ece6dc702656f"
dependencies = [
 "memchr",
]

[[package]]
name = "anyhow"
version = "1.0.44"
source = "registry+https://github.com/rust-lang/crates.io-index"
checksum = "61604a8f862e1d5c3229fdd78f8b02c68dcf73a4c4b05fd636d12240aaa242c1"

[[package]]
name = "async-trait"
version = "0.1.51"
source = "registry+https://github.com/rust-lang/crates.io-index"
checksum = "44318e776df68115a881de9a8fd1b9e53368d7a4a5ce4cc48517da3393233a5e"
dependencies = [
 "proc-macro2",
 "quote",
 "syn",
]

[[package]]
name = "atty"
version = "0.2.14"
source = "registry+https://github.com/rust-lang/crates.io-index"
checksum = "d9b39be18770d11421cdb1b9947a45dd3f37e93092cbf377614828a319d5fee8"
dependencies = [
 "hermit-abi",
 "libc",
 "winapi",
]

[[package]]
name = "autocfg"
version = "1.0.1"
source = "registry+https://github.com/rust-lang/crates.io-index"
checksum = "cdb031dd78e28731d87d56cc8ffef4a8f36ca26c38fe2de700543e627f8a464a"

[[package]]
name = "axum"
version = "0.2.5"
source = "registry+https://github.com/rust-lang/crates.io-index"
checksum = "b6519a24c07bab4effe38e226c447faef56869f99aa66aa92502aba7ad47b168"
dependencies = [
 "async-trait",
 "bitflags",
 "bytes",
 "futures-util",
 "headers",
 "http",
 "http-body",
 "hyper",
 "pin-project-lite",
 "regex",
 "serde",
 "serde_json",
 "serde_urlencoded",
 "sync_wrapper",
 "tokio",
 "tokio-util",
 "tower",
 "tower-http 0.1.1 (registry+https://github.com/rust-lang/crates.io-index)",
 "tower-layer",
 "tower-service",
]

[[package]]
name = "base64"
version = "0.13.0"
source = "registry+https://github.com/rust-lang/crates.io-index"
checksum = "904dfeac50f3cdaba28fc6f57fdcddb75f49ed61346676a78c4ffe55877802fd"

[[package]]
name = "base64ct"
version = "1.1.0"
source = "registry+https://github.com/rust-lang/crates.io-index"
checksum = "40a96587c05c810ddbb79e2674d519cff1379517e7b91d166dff7a7cc0e9af6e"

[[package]]
name = "bcrypt-pbkdf"
version = "0.6.2"
source = "registry+https://github.com/rust-lang/crates.io-index"
checksum = "7c38c03b9506bd92bf1ef50665a81eda156f615438f7654bffba58907e6149d7"
dependencies = [
 "blowfish",
 "crypto-mac",
 "pbkdf2",
 "sha2",
 "zeroize",
]

[[package]]
name = "bit-vec"
version = "0.6.3"
source = "registry+https://github.com/rust-lang/crates.io-index"
checksum = "349f9b6a179ed607305526ca489b34ad0a41aed5f7980fa90eb03160b69598fb"

[[package]]
name = "bitflags"
version = "1.3.2"
source = "registry+https://github.com/rust-lang/crates.io-index"
checksum = "bef38d45163c2f1dde094a7dfd33ccf595c92905c8f8f4fdc18d06fb1037718a"

[[package]]
name = "block-buffer"
version = "0.9.0"
source = "registry+https://github.com/rust-lang/crates.io-index"
checksum = "4152116fd6e9dadb291ae18fc1ec3575ed6d84c29642d97890f4b4a3417297e4"
dependencies = [
 "generic-array",
]

[[package]]
name = "block-modes"
version = "0.8.1"
source = "registry+https://github.com/rust-lang/crates.io-index"
checksum = "2cb03d1bed155d89dce0f845b7899b18a9a163e148fd004e1c28421a783e2d8e"
dependencies = [
 "block-padding",
 "cipher",
]

[[package]]
name = "block-padding"
version = "0.2.1"
source = "registry+https://github.com/rust-lang/crates.io-index"
checksum = "8d696c370c750c948ada61c69a0ee2cbbb9c50b1019ddb86d9317157a99c2cae"

[[package]]
name = "blowfish"
version = "0.8.0"
source = "registry+https://github.com/rust-lang/crates.io-index"
checksum = "fe3ff3fc1de48c1ac2e3341c4df38b0d1bfb8fdf04632a187c8b75aaa319a7ab"
dependencies = [
 "byteorder",
 "cipher",
 "opaque-debug",
]

[[package]]
name = "byteorder"
version = "1.4.3"
source = "registry+https://github.com/rust-lang/crates.io-index"
checksum = "14c189c53d098945499cdfa7ecc63567cf3886b3332b312a5b4585d8d3a6a610"

[[package]]
name = "bytes"
version = "1.1.0"
source = "registry+https://github.com/rust-lang/crates.io-index"
checksum = "c4872d67bab6358e59559027aa3b9157c53d9358c51423c17554809a8858e0f8"

[[package]]
name = "cc"
version = "1.0.70"
source = "registry+https://github.com/rust-lang/crates.io-index"
checksum = "d26a6ce4b6a484fa3edb70f7efa6fc430fd2b87285fe8b84304fd0936faa0dc0"

[[package]]
name = "cfg-if"
version = "1.0.0"
source = "registry+https://github.com/rust-lang/crates.io-index"
checksum = "baf1de4339761588bc0619e3cbc0120ee582ebb74b53b4efbf79117bd2da40fd"

[[package]]
name = "chartered-db"
version = "0.1.0"
dependencies = [
 "base64",
 "bitflags",
 "chartered-fs",
 "chartered-types",
 "chrono",
 "diesel",
 "diesel_logger",
 "diesel_migrations",
 "displaydoc",
 "dotenv",
 "hex",
 "http",
 "itertools",
 "libsqlite3-sys",
 "option_set",
 "rand",
 "serde",
 "serde_json",
 "thiserror",
 "thrussh-keys",
 "tokio",
 "uuid",
]

[[package]]
name = "chartered-fs"
version = "0.1.0"
dependencies = [
 "async-trait",
 "serde",
 "tokio",
 "uuid",
]

[[package]]
name = "chartered-git"
version = "0.1.0"
dependencies = [
 "anyhow",
 "async-trait",
 "bytes",
 "chartered-db",
 "chartered-types",
 "chrono",
 "const-sha1",
 "crc",
 "env_logger",
 "flate2",
 "format-bytes",
 "futures",
 "hex",
 "indoc",
 "itoa",
 "log",
 "serde",
 "serde_json",
 "sha-1",
 "shlex",
 "thrussh",
 "thrussh-keys",
 "tokio",
 "tokio-util",
]

[[package]]
name = "chartered-types"
version = "0.1.0"
dependencies = [
 "serde",
]

[[package]]
name = "chartered-web"
version = "0.1.0"
dependencies = [
 "axum",
 "bytes",
 "chartered-db",
 "chartered-fs",
 "chartered-types",
 "chrono",
 "env_logger",
 "futures",
 "headers",
 "hex",
 "log",
 "nom",
 "once_cell",
 "regex",
 "serde",
 "serde_json",
 "sha2",
 "thiserror",
 "tokio",
 "tower",
 "tower-http 0.1.1 (git+https://github.com/tower-rs/tower-http?branch=cors)",
]

[[package]]
name = "chrono"
version = "0.4.19"
source = "registry+https://github.com/rust-lang/crates.io-index"
checksum = "670ad68c9088c2a963aaa298cb369688cf3f9465ce5e2d4ca10e6e0098a1ce73"
dependencies = [
 "libc",
 "num-integer",
 "num-traits",
 "serde",
 "time",
 "winapi",
]

[[package]]
name = "cipher"
version = "0.3.0"
source = "registry+https://github.com/rust-lang/crates.io-index"
checksum = "7ee52072ec15386f770805afd189a01c8841be8696bed250fa2f13c4c0d6dfb7"
dependencies = [
 "generic-array",
]

[[package]]
name = "const-sha1"
version = "0.2.0"
source = "registry+https://github.com/rust-lang/crates.io-index"
checksum = "fb58b6451e8c2a812ad979ed1d83378caa5e927eef2622017a45f251457c2c9d"

[[package]]
name = "cpufeatures"
version = "0.2.1"
source = "registry+https://github.com/rust-lang/crates.io-index"
checksum = "95059428f66df56b63431fdb4e1947ed2190586af5c5a8a8b71122bdf5a7f469"
dependencies = [
 "libc",
]

[[package]]
name = "crc"
version = "2.0.0"
source = "registry+https://github.com/rust-lang/crates.io-index"
checksum = "10c2722795460108a7872e1cd933a85d6ec38abc4baecad51028f702da28889f"
dependencies = [
 "crc-catalog",
]

[[package]]
name = "crc-catalog"
version = "1.1.1"
source = "registry+https://github.com/rust-lang/crates.io-index"
checksum = "ccaeedb56da03b09f598226e25e80088cb4cd25f316e6e4df7d695f0feeb1403"

[[package]]
name = "crc32fast"
version = "1.2.1"
source = "registry+https://github.com/rust-lang/crates.io-index"
checksum = "81156fece84ab6a9f2afdb109ce3ae577e42b1228441eded99bd77f627953b1a"
dependencies = [
 "cfg-if",
]

[[package]]
name = "crypto-mac"
version = "0.11.1"
source = "registry+https://github.com/rust-lang/crates.io-index"
checksum = "b1d1a86f49236c215f271d40892d5fc950490551400b02ef360692c29815c714"
dependencies = [
 "generic-array",
 "subtle",
]

[[package]]
name = "cryptovec"
version = "0.6.1"
source = "registry+https://github.com/rust-lang/crates.io-index"
checksum = "ccc7fa13a6bbb2322d325292c57f4c8e7291595506f8289968a0eb61c3130bdf"
dependencies = [
 "libc",
 "winapi",
]

[[package]]
name = "ctr"
version = "0.8.0"
source = "registry+https://github.com/rust-lang/crates.io-index"
checksum = "049bb91fb4aaf0e3c7efa6cd5ef877dbbbd15b39dad06d9948de4ec8a75761ea"
dependencies = [
 "cipher",
]

[[package]]
name = "data-encoding"
version = "2.3.2"
source = "registry+https://github.com/rust-lang/crates.io-index"
checksum = "3ee2393c4a91429dffb4bedf19f4d6abf27d8a732c8ce4980305d782e5426d57"

[[package]]
name = "diesel"
version = "1.4.8"
source = "registry+https://github.com/rust-lang/crates.io-index"
checksum = "b28135ecf6b7d446b43e27e225622a038cc4e2930a1022f51cdb97ada19b8e4d"
dependencies = [
 "byteorder",
 "chrono",
 "diesel_derives",
 "libsqlite3-sys",
 "r2d2",
]

[[package]]
name = "diesel_derives"
version = "1.4.1"
source = "registry+https://github.com/rust-lang/crates.io-index"
checksum = "45f5098f628d02a7a0f68ddba586fb61e80edec3bdc1be3b921f4ceec60858d3"
dependencies = [
 "proc-macro2",
 "quote",
 "syn",
]

[[package]]
name = "diesel_logger"
version = "0.1.1"
source = "registry+https://github.com/rust-lang/crates.io-index"
checksum = "1793935ad14586bf2aa51574a7157932640c345205ccfb2db431846d846e3db7"
dependencies = [
 "diesel",
 "log",
]

[[package]]
name = "diesel_migrations"
version = "1.4.0"
source = "registry+https://github.com/rust-lang/crates.io-index"
checksum = "bf3cde8413353dc7f5d72fa8ce0b99a560a359d2c5ef1e5817ca731cd9008f4c"
dependencies = [
 "migrations_internals",
 "migrations_macros",
]

[[package]]
name = "digest"
version = "0.9.0"
source = "registry+https://github.com/rust-lang/crates.io-index"
checksum = "d3dd60d1080a57a05ab032377049e0591415d2b31afd7028356dbf3cc6dcb066"
dependencies = [
 "generic-array",
]

[[package]]
name = "dirs"
version = "3.0.2"
source = "registry+https://github.com/rust-lang/crates.io-index"
checksum = "30baa043103c9d0c2a57cf537cc2f35623889dc0d405e6c3cccfadbc81c71309"
dependencies = [
 "dirs-sys",
]

[[package]]
name = "dirs-sys"
version = "0.3.6"
source = "registry+https://github.com/rust-lang/crates.io-index"
checksum = "03d86534ed367a67548dc68113a0f5db55432fdfbb6e6f9d77704397d95d5780"
dependencies = [
 "libc",
 "redox_users",
 "winapi",
]

[[package]]
name = "displaydoc"
version = "0.2.3"
source = "registry+https://github.com/rust-lang/crates.io-index"
checksum = "3bf95dc3f046b9da4f2d51833c0d3547d8564ef6910f5c1ed130306a75b92886"
dependencies = [
 "proc-macro2",
 "quote",
 "syn",
]

[[package]]
name = "dotenv"
version = "0.15.0"
source = "registry+https://github.com/rust-lang/crates.io-index"
checksum = "77c90badedccf4105eca100756a0b1289e191f6fcbdadd3cee1d2f614f97da8f"

[[package]]
name = "either"
version = "1.6.1"
source = "registry+https://github.com/rust-lang/crates.io-index"
checksum = "e78d4f1cc4ae33bbfc157ed5d5a5ef3bc29227303d595861deb238fcec4e9457"

[[package]]
name = "env_logger"
version = "0.9.0"
source = "registry+https://github.com/rust-lang/crates.io-index"
checksum = "0b2cf0344971ee6c64c31be0d530793fba457d322dfec2810c453d0ef228f9c3"
dependencies = [
 "atty",
 "humantime",
 "log",
 "regex",
 "termcolor",
]

[[package]]
name = "flate2"
version = "1.0.22"
source = "registry+https://github.com/rust-lang/crates.io-index"
checksum = "1e6988e897c1c9c485f43b47a529cef42fde0547f9d8d41a7062518f1d8fc53f"
dependencies = [
 "cfg-if",
 "crc32fast",
 "libc",
 "miniz_oxide",
]

[[package]]
name = "fnv"
version = "1.0.7"
source = "registry+https://github.com/rust-lang/crates.io-index"
checksum = "3f9eec918d3f24069decb9af1554cad7c880e2da24a9afd88aca000531ab82c1"

[[package]]
name = "form_urlencoded"
version = "1.0.1"
source = "registry+https://github.com/rust-lang/crates.io-index"
checksum = "5fc25a87fa4fd2094bffb06925852034d90a17f0d1e05197d4956d3555752191"
dependencies = [
 "matches",
 "percent-encoding",
]

[[package]]
name = "format-bytes"
version = "0.2.2"
source = "registry+https://github.com/rust-lang/crates.io-index"
checksum = "1c4e89040c7fd7b4e6ba2820ac705a45def8a0c098ec78d170ae88f1ef1d5762"
dependencies = [
 "format-bytes-macros",
 "proc-macro-hack",
]

[[package]]
name = "format-bytes-macros"
version = "0.3.0"
source = "registry+https://github.com/rust-lang/crates.io-index"
checksum = "b05089e341a0460449e2210c3bf7b61597860b07f0deae58da38dbed0a4c6b6d"
dependencies = [
 "proc-macro-hack",
 "proc-macro2",
 "quote",
 "syn",
]

[[package]]
name = "futures"
version = "0.3.17"
source = "registry+https://github.com/rust-lang/crates.io-index"
checksum = "a12aa0eb539080d55c3f2d45a67c3b58b6b0773c1a3ca2dfec66d58c97fd66ca"
dependencies = [
 "futures-channel",
 "futures-core",
 "futures-executor",
 "futures-io",
 "futures-sink",
 "futures-task",
 "futures-util",
]

[[package]]
name = "futures-channel"
version = "0.3.17"
source = "registry+https://github.com/rust-lang/crates.io-index"
checksum = "5da6ba8c3bb3c165d3c7319fc1cc8304facf1fb8db99c5de877183c08a273888"
dependencies = [
 "futures-core",
 "futures-sink",
]

[[package]]
name = "futures-core"
version = "0.3.17"
source = "registry+https://github.com/rust-lang/crates.io-index"
checksum = "88d1c26957f23603395cd326b0ffe64124b818f4449552f960d815cfba83a53d"

[[package]]
name = "futures-executor"
version = "0.3.17"
source = "registry+https://github.com/rust-lang/crates.io-index"
checksum = "45025be030969d763025784f7f355043dc6bc74093e4ecc5000ca4dc50d8745c"
dependencies = [
 "futures-core",
 "futures-task",
 "futures-util",
]

[[package]]
name = "futures-io"
version = "0.3.17"
source = "registry+https://github.com/rust-lang/crates.io-index"
checksum = "522de2a0fe3e380f1bc577ba0474108faf3f6b18321dbf60b3b9c39a75073377"

[[package]]
name = "futures-macro"
version = "0.3.17"
source = "registry+https://github.com/rust-lang/crates.io-index"
checksum = "18e4a4b95cea4b4ccbcf1c5675ca7c4ee4e9e75eb79944d07defde18068f79bb"
dependencies = [
 "autocfg",
 "proc-macro-hack",
 "proc-macro2",
 "quote",
 "syn",
]

[[package]]
name = "futures-sink"
version = "0.3.17"
source = "registry+https://github.com/rust-lang/crates.io-index"
checksum = "36ea153c13024fe480590b3e3d4cad89a0cfacecc24577b68f86c6ced9c2bc11"

[[package]]
name = "futures-task"
version = "0.3.17"
source = "registry+https://github.com/rust-lang/crates.io-index"
checksum = "1d3d00f4eddb73e498a54394f228cd55853bdf059259e8e7bc6e69d408892e99"

[[package]]
name = "futures-util"
version = "0.3.17"
source = "registry+https://github.com/rust-lang/crates.io-index"
checksum = "36568465210a3a6ee45e1f165136d68671471a501e632e9a98d96872222b5481"
dependencies = [
 "autocfg",
 "futures-channel",
 "futures-core",
 "futures-io",
 "futures-macro",
 "futures-sink",
 "futures-task",
 "memchr",
 "pin-project-lite",
 "pin-utils",
 "proc-macro-hack",
 "proc-macro-nested",
 "slab",
]

[[package]]
name = "generic-array"
version = "0.14.4"
source = "registry+https://github.com/rust-lang/crates.io-index"
checksum = "501466ecc8a30d1d3b7fc9229b122b2ce8ed6e9d9223f1138d4babb253e51817"
dependencies = [
 "typenum",
 "version_check",
]

[[package]]
name = "getrandom"
version = "0.2.3"
source = "registry+https://github.com/rust-lang/crates.io-index"
checksum = "7fcd999463524c52659517fe2cea98493cfe485d10565e7b0fb07dbba7ad2753"
dependencies = [
 "cfg-if",
 "libc",
 "wasi",
]

[[package]]
name = "headers"
version = "0.3.4"
source = "registry+https://github.com/rust-lang/crates.io-index"
checksum = "f0b7591fb62902706ae8e7aaff416b1b0fa2c0fd0878b46dc13baa3712d8a855"
dependencies = [
 "base64",
 "bitflags",
 "bytes",
 "headers-core",
 "http",
 "mime",
 "sha-1",
 "time",
]

[[package]]
name = "headers-core"
version = "0.2.0"
source = "registry+https://github.com/rust-lang/crates.io-index"
checksum = "e7f66481bfee273957b1f20485a4ff3362987f85b2c236580d81b4eb7a326429"
dependencies = [
 "http",
]

[[package]]
name = "heck"
version = "0.3.3"
source = "registry+https://github.com/rust-lang/crates.io-index"
checksum = "6d621efb26863f0e9924c6ac577e8275e5e6b77455db64ffa6c65c904e9e132c"
dependencies = [
 "unicode-segmentation",
]

[[package]]
name = "hermit-abi"
version = "0.1.19"
source = "registry+https://github.com/rust-lang/crates.io-index"
checksum = "62b467343b94ba476dcb2500d242dadbb39557df889310ac77c5d99100aaac33"
dependencies = [
 "libc",
]

[[package]]
name = "hex"
version = "0.4.3"
source = "registry+https://github.com/rust-lang/crates.io-index"
checksum = "7f24254aa9a54b5c858eaee2f5bccdb46aaf0e486a595ed5fd8f86ba55232a70"

[[package]]
name = "hmac"
version = "0.11.0"
source = "registry+https://github.com/rust-lang/crates.io-index"
checksum = "2a2a2320eb7ec0ebe8da8f744d7812d9fc4cb4d09344ac01898dbcb6a20ae69b"
dependencies = [
 "crypto-mac",
 "digest",
]

[[package]]
name = "http"
version = "0.2.5"
source = "registry+https://github.com/rust-lang/crates.io-index"
checksum = "1323096b05d41827dadeaee54c9981958c0f94e670bc94ed80037d1a7b8b186b"
dependencies = [
 "bytes",
 "fnv",
 "itoa",
]

[[package]]
name = "http-body"
version = "0.4.3"
source = "registry+https://github.com/rust-lang/crates.io-index"
checksum = "399c583b2979440c60be0821a6199eca73bc3c8dcd9d070d75ac726e2c6186e5"
dependencies = [
 "bytes",
 "http",
 "pin-project-lite",
]

[[package]]
name = "httparse"
version = "1.5.1"
source = "registry+https://github.com/rust-lang/crates.io-index"
checksum = "acd94fdbe1d4ff688b67b04eee2e17bd50995534a61539e45adfefb45e5e5503"

[[package]]
name = "httpdate"
version = "1.0.1"
source = "registry+https://github.com/rust-lang/crates.io-index"
checksum = "6456b8a6c8f33fee7d958fcd1b60d55b11940a79e63ae87013e6d22e26034440"

[[package]]
name = "humantime"
version = "2.1.0"
source = "registry+https://github.com/rust-lang/crates.io-index"
checksum = "9a3a5bfb195931eeb336b2a7b4d761daec841b97f947d34394601737a7bba5e4"

[[package]]
name = "hyper"
version = "0.14.13"
source = "registry+https://github.com/rust-lang/crates.io-index"
checksum = "15d1cfb9e4f68655fa04c01f59edb405b6074a0f7118ea881e5026e4a1cd8593"
dependencies = [
 "bytes",
 "futures-channel",
 "futures-core",
 "futures-util",
 "http",
 "http-body",
 "httparse",
 "httpdate",
 "itoa",
 "pin-project-lite",
 "socket2",
 "tokio",
 "tower-service",
 "tracing",
 "want",
]

[[package]]
name = "indoc"
version = "1.0.3"
source = "registry+https://github.com/rust-lang/crates.io-index"
checksum = "e5a75aeaaef0ce18b58056d306c27b07436fbb34b8816c53094b76dd81803136"
dependencies = [
 "unindent",
]

[[package]]
name = "instant"
version = "0.1.11"
source = "registry+https://github.com/rust-lang/crates.io-index"
checksum = "716d3d89f35ac6a34fd0eed635395f4c3b76fa889338a4632e5231a8684216bd"
dependencies = [
 "cfg-if",
]

[[package]]
name = "itertools"
version = "0.10.1"
source = "registry+https://github.com/rust-lang/crates.io-index"
checksum = "69ddb889f9d0d08a67338271fa9b62996bc788c7796a5c18cf057420aaed5eaf"
dependencies = [
 "either",
]

[[package]]
name = "itoa"
version = "0.4.8"
source = "registry+https://github.com/rust-lang/crates.io-index"
checksum = "b71991ff56294aa922b450139ee08b3bfc70982c6b2c7562771375cf73542dd4"

[[package]]
name = "lazy_static"
version = "1.4.0"
source = "registry+https://github.com/rust-lang/crates.io-index"
checksum = "e2abad23fbc42b3700f2f279844dc832adb2b2eb069b2df918f455c4e18cc646"

[[package]]
name = "libc"
version = "0.2.103"
source = "registry+https://github.com/rust-lang/crates.io-index"
checksum = "dd8f7255a17a627354f321ef0055d63b898c6fb27eff628af4d1b66b7331edf6"

[[package]]
name = "libsodium-sys"
version = "0.2.7"
source = "registry+https://github.com/rust-lang/crates.io-index"
checksum = "6b779387cd56adfbc02ea4a668e704f729be8d6a6abd2c27ca5ee537849a92fd"
dependencies = [
 "cc",
 "libc",
 "pkg-config",
 "walkdir",
]

[[package]]
name = "libsqlite3-sys"
version = "0.22.2"
source = "registry+https://github.com/rust-lang/crates.io-index"
checksum = "290b64917f8b0cb885d9de0f9959fe1f775d7fa12f1da2db9001c1c8ab60f89d"
dependencies = [
 "cc",
 "pkg-config",
 "vcpkg",
]

[[package]]
name = "lock_api"
version = "0.4.5"
source = "registry+https://github.com/rust-lang/crates.io-index"
checksum = "712a4d093c9976e24e7dbca41db895dabcbac38eb5f4045393d17a95bdfb1109"
dependencies = [
 "scopeguard",
]

[[package]]
name = "log"
version = "0.4.14"
source = "registry+https://github.com/rust-lang/crates.io-index"
checksum = "51b9bbe6c47d51fc3e1a9b945965946b4c44142ab8792c50835a980d362c2710"
dependencies = [
 "cfg-if",
]

[[package]]
name = "matches"
version = "0.1.9"
source = "registry+https://github.com/rust-lang/crates.io-index"
checksum = "a3e378b66a060d48947b590737b30a1be76706c8dd7b8ba0f2fe3989c68a853f"

[[package]]
name = "md5"
version = "0.7.0"
source = "registry+https://github.com/rust-lang/crates.io-index"
checksum = "490cc448043f947bae3cbee9c203358d62dbee0db12107a74be5c30ccfd09771"

[[package]]
name = "memchr"
version = "2.4.1"
source = "registry+https://github.com/rust-lang/crates.io-index"
checksum = "308cc39be01b73d0d18f82a0e7b2a3df85245f84af96fdddc5d202d27e47b86a"

[[package]]
name = "migrations_internals"
version = "1.4.1"
source = "registry+https://github.com/rust-lang/crates.io-index"
checksum = "2b4fc84e4af020b837029e017966f86a1c2d5e83e64b589963d5047525995860"
dependencies = [
 "diesel",
]

[[package]]
name = "migrations_macros"
version = "1.4.2"
source = "registry+https://github.com/rust-lang/crates.io-index"
checksum = "9753f12909fd8d923f75ae5c3258cae1ed3c8ec052e1b38c93c21a6d157f789c"
dependencies = [
 "migrations_internals",
 "proc-macro2",
 "quote",
 "syn",
]

[[package]]
name = "mime"
version = "0.3.16"
source = "registry+https://github.com/rust-lang/crates.io-index"
checksum = "2a60c7ce501c71e03a9c9c0d35b861413ae925bd979cc7a4e30d060069aaac8d"

[[package]]
name = "minimal-lexical"
version = "0.1.3"
source = "registry+https://github.com/rust-lang/crates.io-index"
checksum = "0c835948974f68e0bd58636fc6c5b1fbff7b297e3046f11b3b3c18bbac012c6d"

[[package]]
name = "miniz_oxide"
version = "0.4.4"
source = "registry+https://github.com/rust-lang/crates.io-index"
checksum = "a92518e98c078586bc6c934028adcca4c92a53d6a958196de835170a01d84e4b"
dependencies = [
 "adler",
 "autocfg",
]

[[package]]
name = "mio"
version = "0.7.13"
source = "registry+https://github.com/rust-lang/crates.io-index"
checksum = "8c2bdb6314ec10835cd3293dd268473a835c02b7b352e788be788b3c6ca6bb16"
dependencies = [
 "libc",
 "log",
 "miow",
 "ntapi",
 "winapi",
]

[[package]]
name = "miow"
version = "0.3.7"
source = "registry+https://github.com/rust-lang/crates.io-index"
checksum = "b9f1c5b025cda876f66ef43a113f91ebc9f4ccef34843000e0adf6ebbab84e21"
dependencies = [
 "winapi",
]

[[package]]
name = "nom"
version = "7.0.0"
source = "registry+https://github.com/rust-lang/crates.io-index"
checksum = "7ffd9d26838a953b4af82cbeb9f1592c6798916983959be223a7124e992742c1"
dependencies = [
 "memchr",
 "minimal-lexical",
 "version_check",
]

[[package]]
name = "ntapi"
version = "0.3.6"
source = "registry+https://github.com/rust-lang/crates.io-index"
checksum = "3f6bb902e437b6d86e03cce10a7e2af662292c5dfef23b65899ea3ac9354ad44"
dependencies = [
 "winapi",
]

[[package]]
name = "num-bigint"
version = "0.4.2"
source = "registry+https://github.com/rust-lang/crates.io-index"
checksum = "74e768dff5fb39a41b3bcd30bb25cf989706c90d028d1ad71971987aa309d535"
dependencies = [
 "autocfg",
 "num-integer",
 "num-traits",
]

[[package]]
name = "num-integer"
version = "0.1.44"
source = "registry+https://github.com/rust-lang/crates.io-index"
checksum = "d2cc698a63b549a70bc047073d2949cce27cd1c7b0a4a862d08a8031bc2801db"
dependencies = [
 "autocfg",
 "num-traits",
]

[[package]]
name = "num-traits"
version = "0.2.14"
source = "registry+https://github.com/rust-lang/crates.io-index"
checksum = "9a64b1ec5cda2586e284722486d802acf1f7dbdc623e2bfc57e65ca1cd099290"
dependencies = [
 "autocfg",
]

[[package]]
name = "num_cpus"
version = "1.13.0"
source = "registry+https://github.com/rust-lang/crates.io-index"
checksum = "05499f3756671c15885fee9034446956fff3f243d6077b91e5767df161f766b3"
dependencies = [
 "hermit-abi",
 "libc",
]

[[package]]
name = "once_cell"
version = "1.8.0"
source = "registry+https://github.com/rust-lang/crates.io-index"
checksum = "692fcb63b64b1758029e0a96ee63e049ce8c5948587f2f7208df04625e5f6b56"

[[package]]
name = "opaque-debug"
version = "0.3.0"
source = "registry+https://github.com/rust-lang/crates.io-index"
checksum = "624a8340c38c1b80fd549087862da4ba43e08858af025b236e509b6649fc13d5"

[[package]]
name = "option_set"
version = "0.1.4"
source = "registry+https://github.com/rust-lang/crates.io-index"
checksum = "c83b2d96bdcfa87852ffdc8e77e5fb544ffe2f85ed60568f5b62c98a05ec9a9b"
dependencies = [
 "heck",
 "serde",
]

[[package]]
name = "parking_lot"
version = "0.11.2"
source = "registry+https://github.com/rust-lang/crates.io-index"
checksum = "7d17b78036a60663b797adeaee46f5c9dfebb86948d1255007a1d6be0271ff99"
dependencies = [
 "instant",
 "lock_api",
 "parking_lot_core",
]

[[package]]
name = "parking_lot_core"
version = "0.8.5"
source = "registry+https://github.com/rust-lang/crates.io-index"
checksum = "d76e8e1493bcac0d2766c42737f34458f1c8c50c0d23bcb24ea953affb273216"
dependencies = [
 "cfg-if",
 "instant",
 "libc",
 "redox_syscall",
 "smallvec",
 "winapi",
]

[[package]]
name = "password-hash"
version = "0.2.3"
source = "registry+https://github.com/rust-lang/crates.io-index"
checksum = "77e0b28ace46c5a396546bcf443bf422b57049617433d8854227352a4a9b24e7"
dependencies = [
 "base64ct",
 "rand_core",
 "subtle",
]

[[package]]
name = "pbkdf2"
version = "0.8.0"
source = "registry+https://github.com/rust-lang/crates.io-index"
checksum = "d95f5254224e617595d2cc3cc73ff0a5eaf2637519e25f03388154e9378b6ffa"
dependencies = [
 "base64ct",
 "crypto-mac",
 "hmac",
 "password-hash",
 "sha2",
]

[[package]]
name = "percent-encoding"
version = "2.1.0"
source = "registry+https://github.com/rust-lang/crates.io-index"
checksum = "d4fd5641d01c8f18a23da7b6fe29298ff4b55afcccdf78973b24cf3175fee32e"

[[package]]
name = "pin-project"
version = "1.0.8"
source = "registry+https://github.com/rust-lang/crates.io-index"
checksum = "576bc800220cc65dac09e99e97b08b358cfab6e17078de8dc5fee223bd2d0c08"
dependencies = [
 "pin-project-internal",
]

[[package]]
name = "pin-project-internal"
version = "1.0.8"
source = "registry+https://github.com/rust-lang/crates.io-index"
checksum = "6e8fe8163d14ce7f0cdac2e040116f22eac817edabff0be91e8aff7e9accf389"
dependencies = [
 "proc-macro2",
 "quote",
 "syn",
]

[[package]]
name = "pin-project-lite"
version = "0.2.7"
source = "registry+https://github.com/rust-lang/crates.io-index"
checksum = "8d31d11c69a6b52a174b42bdc0c30e5e11670f90788b2c471c31c1d17d449443"

[[package]]
name = "pin-utils"
version = "0.1.0"
source = "registry+https://github.com/rust-lang/crates.io-index"
checksum = "8b870d8c151b6f2fb93e84a13146138f05d02ed11c7e7c54f8826aaaf7c9f184"

[[package]]
name = "pkg-config"
version = "0.3.20"
source = "registry+https://github.com/rust-lang/crates.io-index"
checksum = "7c9b1041b4387893b91ee6746cddfc28516aff326a3519fb2adf820932c5e6cb"

[[package]]
name = "ppv-lite86"
version = "0.2.10"
source = "registry+https://github.com/rust-lang/crates.io-index"
checksum = "ac74c624d6b2d21f425f752262f42188365d7b8ff1aff74c82e45136510a4857"

[[package]]
name = "proc-macro-hack"
version = "0.5.19"
source = "registry+https://github.com/rust-lang/crates.io-index"
checksum = "dbf0c48bc1d91375ae5c3cd81e3722dff1abcf81a30960240640d223f59fe0e5"

[[package]]
name = "proc-macro-nested"
version = "0.1.7"
source = "registry+https://github.com/rust-lang/crates.io-index"
checksum = "bc881b2c22681370c6a780e47af9840ef841837bc98118431d4e1868bd0c1086"

[[package]]
name = "proc-macro2"
version = "1.0.29"
source = "registry+https://github.com/rust-lang/crates.io-index"
checksum = "b9f5105d4fdaab20335ca9565e106a5d9b82b6219b5ba735731124ac6711d23d"
dependencies = [
 "unicode-xid",
]

[[package]]
name = "quote"
version = "1.0.9"
source = "registry+https://github.com/rust-lang/crates.io-index"
checksum = "c3d0b9745dc2debf507c8422de05d7226cc1f0644216dfdfead988f9b1ab32a7"
dependencies = [
 "proc-macro2",
]

[[package]]
name = "r2d2"
version = "0.8.9"
source = "registry+https://github.com/rust-lang/crates.io-index"
checksum = "545c5bc2b880973c9c10e4067418407a0ccaa3091781d1671d46eb35107cb26f"
dependencies = [
 "log",
 "parking_lot",
 "scheduled-thread-pool",
]

[[package]]
name = "rand"
version = "0.8.4"
source = "registry+https://github.com/rust-lang/crates.io-index"
checksum = "2e7573632e6454cf6b99d7aac4ccca54be06da05aca2ef7423d22d27d4d4bcd8"
dependencies = [
 "libc",
 "rand_chacha",
 "rand_core",
 "rand_hc",
]

[[package]]
name = "rand_chacha"
version = "0.3.1"
source = "registry+https://github.com/rust-lang/crates.io-index"
checksum = "e6c10a63a0fa32252be49d21e7709d4d4baf8d231c2dbce1eaa8141b9b127d88"
dependencies = [
 "ppv-lite86",
 "rand_core",
]

[[package]]
name = "rand_core"
version = "0.6.3"
source = "registry+https://github.com/rust-lang/crates.io-index"
checksum = "d34f1408f55294453790c48b2f1ebbb1c5b4b7563eb1f418bcfcfdbb06ebb4e7"
dependencies = [
 "getrandom",
]

[[package]]
name = "rand_hc"
version = "0.3.1"
source = "registry+https://github.com/rust-lang/crates.io-index"
checksum = "d51e9f596de227fda2ea6c84607f5558e196eeaf43c986b724ba4fb8fdf497e7"
dependencies = [
 "rand_core",
]

[[package]]
name = "redox_syscall"
version = "0.2.10"
source = "registry+https://github.com/rust-lang/crates.io-index"
checksum = "8383f39639269cde97d255a32bdb68c047337295414940c68bdd30c2e13203ff"
dependencies = [
 "bitflags",
]

[[package]]
name = "redox_users"
version = "0.4.0"
source = "registry+https://github.com/rust-lang/crates.io-index"
checksum = "528532f3d801c87aec9def2add9ca802fe569e44a544afe633765267840abe64"
dependencies = [
 "getrandom",
 "redox_syscall",
]

[[package]]
name = "regex"
version = "1.5.4"
source = "registry+https://github.com/rust-lang/crates.io-index"
checksum = "d07a8629359eb56f1e2fb1652bb04212c072a87ba68546a04065d525673ac461"
dependencies = [
 "aho-corasick",
 "memchr",
 "regex-syntax",
]

[[package]]
name = "regex-syntax"
version = "0.6.25"
source = "registry+https://github.com/rust-lang/crates.io-index"
checksum = "f497285884f3fcff424ffc933e56d7cbca511def0c9831a7f9b5f6153e3cc89b"

[[package]]
name = "ryu"
version = "1.0.5"
source = "registry+https://github.com/rust-lang/crates.io-index"
checksum = "71d301d4193d031abdd79ff7e3dd721168a9572ef3fe51a1517aba235bd8f86e"

[[package]]
name = "same-file"
version = "1.0.6"
source = "registry+https://github.com/rust-lang/crates.io-index"
checksum = "93fc1dc3aaa9bfed95e02e6eadabb4baf7e3078b0bd1b4d7b6b0b68378900502"
dependencies = [
 "winapi-util",
]

[[package]]
name = "scheduled-thread-pool"
version = "0.2.5"
source = "registry+https://github.com/rust-lang/crates.io-index"
checksum = "dc6f74fd1204073fa02d5d5d68bec8021be4c38690b61264b2fdb48083d0e7d7"
dependencies = [
 "parking_lot",
]

[[package]]
name = "scopeguard"
version = "1.1.0"
source = "registry+https://github.com/rust-lang/crates.io-index"
checksum = "d29ab0c6d3fc0ee92fe66e2d99f700eab17a8d57d1c1d3b748380fb20baa78cd"

[[package]]
name = "serde"
version = "1.0.130"
source = "registry+https://github.com/rust-lang/crates.io-index"
checksum = "f12d06de37cf59146fbdecab66aa99f9fe4f78722e3607577a5375d66bd0c913"
dependencies = [
 "serde_derive",
]

[[package]]
name = "serde_derive"
version = "1.0.130"
source = "registry+https://github.com/rust-lang/crates.io-index"
checksum = "d7bc1a1ab1961464eae040d96713baa5a724a8152c1222492465b54322ec508b"
dependencies = [
 "proc-macro2",
 "quote",
 "syn",
]

[[package]]
name = "serde_json"
version = "1.0.68"
source = "registry+https://github.com/rust-lang/crates.io-index"
checksum = "0f690853975602e1bfe1ccbf50504d67174e3bcf340f23b5ea9992e0587a52d8"
dependencies = [
 "itoa",
 "ryu",
 "serde",
]

[[package]]
name = "serde_urlencoded"
version = "0.7.0"
source = "registry+https://github.com/rust-lang/crates.io-index"
checksum = "edfa57a7f8d9c1d260a549e7224100f6c43d43f9103e06dd8b4095a9b2b43ce9"
dependencies = [
 "form_urlencoded",
 "itoa",
 "ryu",
 "serde",
]

[[package]]
name = "sha-1"
version = "0.9.8"
source = "registry+https://github.com/rust-lang/crates.io-index"
checksum = "99cd6713db3cf16b6c84e06321e049a9b9f699826e16096d23bbcc44d15d51a6"
dependencies = [
 "block-buffer",
 "cfg-if",
 "cpufeatures",
 "digest",
 "opaque-debug",
]

[[package]]
name = "sha2"
version = "0.9.8"
source = "registry+https://github.com/rust-lang/crates.io-index"
checksum = "b69f9a4c9740d74c5baa3fd2e547f9525fa8088a8a958e0ca2409a514e33f5fa"
dependencies = [
 "block-buffer",
 "cfg-if",
 "cpufeatures",
 "digest",
 "opaque-debug",
]

[[package]]
name = "shlex"
version = "1.1.0"
source = "registry+https://github.com/rust-lang/crates.io-index"
checksum = "43b2853a4d09f215c24cc5489c992ce46052d359b5109343cbafbf26bc62f8a3"

[[package]]
name = "signal-hook-registry"
version = "1.4.0"
source = "registry+https://github.com/rust-lang/crates.io-index"
checksum = "e51e73328dc4ac0c7ccbda3a494dfa03df1de2f46018127f60c693f2648455b0"
dependencies = [
 "libc",
]

[[package]]
name = "slab"
version = "0.4.4"
source = "registry+https://github.com/rust-lang/crates.io-index"
checksum = "c307a32c1c5c437f38c7fd45d753050587732ba8628319fbdf12a7e289ccc590"

[[package]]
name = "smallvec"
version = "1.6.1"
source = "registry+https://github.com/rust-lang/crates.io-index"
checksum = "fe0f37c9e8f3c5a4a66ad655a93c74daac4ad00c441533bf5c6e7990bb42604e"

[[package]]
name = "socket2"
version = "0.4.2"
source = "registry+https://github.com/rust-lang/crates.io-index"
checksum = "5dc90fe6c7be1a323296982db1836d1ea9e47b6839496dde9a541bc496df3516"
dependencies = [
 "libc",
 "winapi",
]

[[package]]
name = "subtle"
version = "2.4.1"
source = "registry+https://github.com/rust-lang/crates.io-index"
checksum = "6bdef32e8150c2a081110b42772ffe7d7c9032b606bc226c8260fd97e0976601"

[[package]]
name = "syn"
version = "1.0.77"
source = "registry+https://github.com/rust-lang/crates.io-index"
checksum = "5239bc68e0fef57495900cfea4e8dc75596d9a319d7e16b1e0a440d24e6fe0a0"
dependencies = [
 "proc-macro2",
 "quote",
 "unicode-xid",
]

[[package]]
name = "sync_wrapper"
version = "0.1.1"
source = "registry+https://github.com/rust-lang/crates.io-index"
checksum = "20518fe4a4c9acf048008599e464deb21beeae3d3578418951a189c235a7a9a8"

[[package]]
name = "termcolor"
version = "1.1.2"
source = "registry+https://github.com/rust-lang/crates.io-index"
checksum = "2dfed899f0eb03f32ee8c6a0aabdb8a7949659e3466561fc0adf54e26d88c5f4"
dependencies = [
 "winapi-util",
]

[[package]]
name = "thiserror"
version = "1.0.29"
source = "registry+https://github.com/rust-lang/crates.io-index"
checksum = "602eca064b2d83369e2b2f34b09c70b605402801927c65c11071ac911d299b88"
dependencies = [
 "thiserror-impl",
]

[[package]]
name = "thiserror-impl"
version = "1.0.29"
source = "registry+https://github.com/rust-lang/crates.io-index"
checksum = "bad553cc2c78e8de258400763a647e80e6d1b31ee237275d756f6836d204494c"
dependencies = [
 "proc-macro2",
 "quote",
 "syn",
]

[[package]]
name = "thrussh"
version = "0.33.5"
source = "registry+https://github.com/rust-lang/crates.io-index"
checksum = "8e6540238a9adf83df6e66541c182a52acf892ab335595ca965c229ade8536f8"
dependencies = [
 "bitflags",
 "byteorder",
 "cryptovec",
 "digest",
 "flate2",
 "futures",
 "generic-array",
 "log",
 "rand",
 "sha2",
 "thiserror",
 "thrussh-keys",
 "thrussh-libsodium",
 "tokio",
]

[[package]]
name = "thrussh-keys"
version = "0.21.0"
source = "registry+https://github.com/rust-lang/crates.io-index"
checksum = "a72cc51a2932b18d92f7289332d8564cec4a5014063722a9d3fdca52c5d8f5ab"
dependencies = [
 "aes",
 "bcrypt-pbkdf",
 "bit-vec",
 "block-modes",
 "byteorder",
 "cryptovec",
 "data-encoding",
 "dirs",
 "futures",
 "hmac",
 "log",
 "md5",
 "num-bigint",
 "num-integer",
 "pbkdf2",
 "rand",
 "serde",
 "serde_derive",
 "sha2",
 "thiserror",
 "thrussh-libsodium",
 "tokio",
 "tokio-stream",
 "yasna",
]

[[package]]
name = "thrussh-libsodium"
version = "0.2.1"
source = "registry+https://github.com/rust-lang/crates.io-index"
checksum = "cfe89c70d27b1cb92e13bc8af63493e890d0de46dae4df0e28233f62b4ed9500"
dependencies = [
 "lazy_static",
 "libc",
 "libsodium-sys",
 "pkg-config",
 "vcpkg",
]

[[package]]
name = "time"
version = "0.1.43"
source = "registry+https://github.com/rust-lang/crates.io-index"
checksum = "ca8a50ef2360fbd1eeb0ecd46795a87a19024eb4b53c5dc916ca1fd95fe62438"
dependencies = [
 "libc",
 "winapi",
]

[[package]]
name = "tokio"
version = "1.12.0"
source = "registry+https://github.com/rust-lang/crates.io-index"
checksum = "c2c2416fdedca8443ae44b4527de1ea633af61d8f7169ffa6e72c5b53d24efcc"
dependencies = [
 "autocfg",
 "bytes",
 "libc",
 "memchr",
 "mio",
 "num_cpus",
 "once_cell",
 "parking_lot",
 "pin-project-lite",
 "signal-hook-registry",
 "tokio-macros",
 "winapi",
]

[[package]]
name = "tokio-macros"
version = "1.3.0"
source = "registry+https://github.com/rust-lang/crates.io-index"
checksum = "54473be61f4ebe4efd09cec9bd5d16fa51d70ea0192213d754d2d500457db110"
dependencies = [
 "proc-macro2",
 "quote",
 "syn",
]

[[package]]
name = "tokio-stream"
version = "0.1.7"
source = "registry+https://github.com/rust-lang/crates.io-index"
checksum = "7b2f3f698253f03119ac0102beaa64f67a67e08074d03a22d18784104543727f"
dependencies = [
 "futures-core",
 "pin-project-lite",
 "tokio",
]

[[package]]
name = "tokio-util"
version = "0.6.8"
source = "registry+https://github.com/rust-lang/crates.io-index"
checksum = "08d3725d3efa29485e87311c5b699de63cde14b00ed4d256b8318aa30ca452cd"
dependencies = [
 "bytes",
 "futures-core",
 "futures-sink",
 "log",
 "pin-project-lite",
 "tokio",
]

[[package]]
name = "tower"
version = "0.4.8"
source = "registry+https://github.com/rust-lang/crates.io-index"
checksum = "f60422bc7fefa2f3ec70359b8ff1caff59d785877eb70595904605bcc412470f"
dependencies = [
 "futures-core",
 "futures-util",
 "pin-project",
 "tokio",
 "tokio-util",
 "tower-layer",
 "tower-service",
 "tracing",
]

[[package]]
name = "tower-http"
version = "0.1.1"
source = "registry+https://github.com/rust-lang/crates.io-index"
checksum = "0b7b56efe69aa0ad2b5da6b942e57ea9f6fe683b7a314d4ff48662e2c8838de1"
dependencies = [
 "bytes",
 "futures-core",
 "futures-util",
 "http",
 "http-body",
 "pin-project",
 "tower-layer",
 "tower-service",
]

[[package]]
name = "tower-http"
version = "0.1.1"
source = "git+https://github.com/tower-rs/tower-http?branch=cors#9f09fc55bf74b5b9a8bd79cbede7e73d37a3e79b"
dependencies = [
 "bytes",
 "futures-core",
 "futures-util",
 "http",
 "http-body",
 "pin-project",
 "tower-layer",
 "tower-service",
 "tracing",
]

[[package]]
name = "tower-layer"
version = "0.3.1"
source = "registry+https://github.com/rust-lang/crates.io-index"
checksum = "343bc9466d3fe6b0f960ef45960509f84480bf4fd96f92901afe7ff3df9d3a62"

[[package]]
name = "tower-service"
version = "0.3.1"
source = "registry+https://github.com/rust-lang/crates.io-index"
checksum = "360dfd1d6d30e05fda32ace2c8c70e9c0a9da713275777f5a4dbb8a1893930c6"

[[package]]
name = "tracing"
version = "0.1.28"
source = "registry+https://github.com/rust-lang/crates.io-index"
checksum = "84f96e095c0c82419687c20ddf5cb3eadb61f4e1405923c9dc8e53a1adacbda8"
dependencies = [
 "cfg-if",
 "log",
 "pin-project-lite",
 "tracing-attributes",
 "tracing-core",
]

[[package]]
name = "tracing-attributes"
version = "0.1.16"
source = "registry+https://github.com/rust-lang/crates.io-index"
checksum = "98863d0dd09fa59a1b79c6750ad80dbda6b75f4e71c437a6a1a8cb91a8bcbd77"
dependencies = [
 "proc-macro2",
 "quote",
 "syn",
]

[[package]]
name = "tracing-core"
version = "0.1.20"
source = "registry+https://github.com/rust-lang/crates.io-index"
checksum = "46125608c26121c81b0c6d693eab5a420e416da7e43c426d2e8f7df8da8a3acf"
dependencies = [
 "lazy_static",
]

[[package]]
name = "try-lock"
version = "0.2.3"
source = "registry+https://github.com/rust-lang/crates.io-index"
checksum = "59547bce71d9c38b83d9c0e92b6066c4253371f15005def0c30d9657f50c7642"

[[package]]
name = "typenum"
version = "1.14.0"
source = "registry+https://github.com/rust-lang/crates.io-index"
checksum = "b63708a265f51345575b27fe43f9500ad611579e764c79edbc2037b1121959ec"

[[package]]
name = "unicode-segmentation"
version = "1.8.0"
source = "registry+https://github.com/rust-lang/crates.io-index"
checksum = "8895849a949e7845e06bd6dc1aa51731a103c42707010a5b591c0038fb73385b"

[[package]]
name = "unicode-xid"
version = "0.2.2"
source = "registry+https://github.com/rust-lang/crates.io-index"
checksum = "8ccb82d61f80a663efe1f787a51b16b5a51e3314d6ac365b08639f52387b33f3"

[[package]]
name = "unindent"
version = "0.1.7"
source = "registry+https://github.com/rust-lang/crates.io-index"
checksum = "f14ee04d9415b52b3aeab06258a3f07093182b88ba0f9b8d203f211a7a7d41c7"

[[package]]
name = "uuid"
version = "0.8.2"
source = "registry+https://github.com/rust-lang/crates.io-index"
checksum = "bc5cf98d8186244414c848017f0e2676b3fcb46807f6668a97dfe67359a3c4b7"
dependencies = [
 "getrandom",
 "serde",
]

[[package]]
name = "vcpkg"
version = "0.2.15"
source = "registry+https://github.com/rust-lang/crates.io-index"
checksum = "accd4ea62f7bb7a82fe23066fb0957d48ef677f6eeb8215f372f52e48bb32426"

[[package]]
name = "version_check"
version = "0.9.3"
source = "registry+https://github.com/rust-lang/crates.io-index"
checksum = "5fecdca9a5291cc2b8dcf7dc02453fee791a280f3743cb0905f8822ae463b3fe"

[[package]]
name = "walkdir"
version = "2.3.2"
source = "registry+https://github.com/rust-lang/crates.io-index"
checksum = "808cf2735cd4b6866113f648b791c6adc5714537bc222d9347bb203386ffda56"
dependencies = [
 "same-file",
 "winapi",
 "winapi-util",
]

[[package]]
name = "want"
version = "0.3.0"
source = "registry+https://github.com/rust-lang/crates.io-index"
checksum = "1ce8a968cb1cd110d136ff8b819a556d6fb6d919363c61534f6860c7eb172ba0"
dependencies = [
 "log",
 "try-lock",
]

[[package]]
name = "wasi"
version = "0.10.2+wasi-snapshot-preview1"
source = "registry+https://github.com/rust-lang/crates.io-index"
checksum = "fd6fbd9a79829dd1ad0cc20627bf1ed606756a7f77edff7b66b7064f9cb327c6"

[[package]]
name = "winapi"
version = "0.3.9"
source = "registry+https://github.com/rust-lang/crates.io-index"
checksum = "5c839a674fcd7a98952e593242ea400abe93992746761e38641405d28b00f419"
dependencies = [
 "winapi-i686-pc-windows-gnu",
 "winapi-x86_64-pc-windows-gnu",
]

[[package]]
name = "winapi-i686-pc-windows-gnu"
version = "0.4.0"
source = "registry+https://github.com/rust-lang/crates.io-index"
checksum = "ac3b87c63620426dd9b991e5ce0329eff545bccbbb34f3be09ff6fb6ab51b7b6"

[[package]]
name = "winapi-util"
version = "0.1.5"
source = "registry+https://github.com/rust-lang/crates.io-index"
checksum = "70ec6ce85bb158151cae5e5c87f95a8e97d2c0c4b001223f33a334e3ce5de178"
dependencies = [
 "winapi",
]

[[package]]
name = "winapi-x86_64-pc-windows-gnu"
version = "0.4.0"
source = "registry+https://github.com/rust-lang/crates.io-index"
checksum = "712e227841d057c1ee1cd2fb22fa7e5a5461ae8e48fa2ca79ec42cfc1931183f"

[[package]]
name = "yasna"
version = "0.4.0"
source = "registry+https://github.com/rust-lang/crates.io-index"
checksum = "e262a29d0e61ccf2b6190d7050d4b237535fc76ce4c1210d9caa316f71dffa75"
dependencies = [
 "bit-vec",
 "num-bigint",
]

[[package]]
name = "zeroize"
version = "1.3.0"
source = "registry+https://github.com/rust-lang/crates.io-index"
checksum = "4756f7db3f7b5574938c3eb1c117038b8e07f95ee6718c0efad4ac21508f1efd"
